
Microsoft Visual Studio Solution File, Format Version 12.00
Project("{FAE04EC0-301F-11D3-BF4B-00C04F79EFBC}") = "class-library", "class-library\class-library.csproj", "{0833C0F5-FD22-4149-A74B-4139505D24CE}"
EndProject
Project("{FAE04EC0-301F-11D3-BF4B-00C04F79EFBC}") = "web-api", "web-api\web-api.csproj", "{0082D633-D0C7-4106-BC57-314337BE351D}"
EndProject
Global
	GlobalSection(SolutionConfigurationPlatforms) = preSolution
		Debug|Any CPU = Debug|Any CPU
		Release|Any CPU = Release|Any CPU
	EndGlobalSection
	GlobalSection(ProjectConfigurationPlatforms) = postSolution
		{0833C0F5-FD22-4149-A74B-4139505D24CE}.Debug|Any CPU.ActiveCfg = Debug|Any CPU
		{0833C0F5-FD22-4149-A74B-4139505D24CE}.Debug|Any CPU.Build.0 = Debug|Any CPU
		{0833C0F5-FD22-4149-A74B-4139505D24CE}.Release|Any CPU.ActiveCfg = Release|Any CPU
		{0833C0F5-FD22-4149-A74B-4139505D24CE}.Release|Any CPU.Build.0 = Release|Any CPU
		{0082D633-D0C7-4106-BC57-314337BE351D}.Debug|Any CPU.ActiveCfg = Debug|Any CPU
		{0082D633-D0C7-4106-BC57-314337BE351D}.Debug|Any CPU.Build.0 = Debug|Any CPU
		{0082D633-D0C7-4106-BC57-314337BE351D}.Release|Any CPU.ActiveCfg = Release|Any CPU
		{0082D633-D0C7-4106-BC57-314337BE351D}.Release|Any CPU.Build.0 = Release|Any CPU
	EndGlobalSection
EndGlobal
