
Microsoft Visual Studio Solution File, Format Version 12.00
Project("{FAE04EC0-301F-11D3-BF4B-00C04F79EFBC}") = "class-library", "class-library\class-library.csproj", "{A728E10B-F51A-4307-B49D-FEB00EA5ED38}"
EndProject
Project("{FAE04EC0-301F-11D3-BF4B-00C04F79EFBC}") = "web-api", "web-api\web-api.csproj", "{1E4823E5-7B9A-412E-A39E-2D30E7264FF1}"
EndProject
Global
	GlobalSection(SolutionConfigurationPlatforms) = preSolution
		Debug|Any CPU = Debug|Any CPU
		Release|Any CPU = Release|Any CPU
	EndGlobalSection
	GlobalSection(ProjectConfigurationPlatforms) = postSolution
		{A728E10B-F51A-4307-B49D-FEB00EA5ED38}.Debug|Any CPU.ActiveCfg = Debug|Any CPU
		{A728E10B-F51A-4307-B49D-FEB00EA5ED38}.Debug|Any CPU.Build.0 = Debug|Any CPU
		{A728E10B-F51A-4307-B49D-FEB00EA5ED38}.Release|Any CPU.ActiveCfg = Release|Any CPU
		{A728E10B-F51A-4307-B49D-FEB00EA5ED38}.Release|Any CPU.Build.0 = Release|Any CPU
		{1E4823E5-7B9A-412E-A39E-2D30E7264FF1}.Debug|Any CPU.ActiveCfg = Debug|Any CPU
		{1E4823E5-7B9A-412E-A39E-2D30E7264FF1}.Debug|Any CPU.Build.0 = Debug|Any CPU
		{1E4823E5-7B9A-412E-A39E-2D30E7264FF1}.Release|Any CPU.ActiveCfg = Release|Any CPU
		{1E4823E5-7B9A-412E-A39E-2D30E7264FF1}.Release|Any CPU.Build.0 = Release|Any CPU
	EndGlobalSection
EndGlobal
